{
  "name": "ar.js",
  "version": "0.0.3-2.0",
  "lockfileVersion": 1,
  "requires": true,
  "dependencies": {
    "jsartoolkit5": {
      "version": "0.0.4",
      "resolved": "https://registry.npmjs.org/jsartoolkit5/-/jsartoolkit5-0.0.4.tgz",
      "integrity": "sha1-JPj2IX+/aF8S8csjvWHYwQFHCQI="
    },
    "three": {
      "version": "0.95.0",
      "resolved": "https://registry.npmjs.org/three/-/three-0.95.0.tgz",
      "integrity": "sha512-vy6jMYs7CDwn47CejYHNi+++OdQue7xGIBhbLfekQ/G6MDxKRm0QB0/xWScz46/JvQAvF6pJAS5Q907l0i5iQA=="
    }
  }
}
